{
    "name": "projeto-demo-web-shop",
    "version": "1.0.0",
    "description": "",
    "main": "cypress.config.js",
    "scripts": {
      "cy:open": "cypress open",
      "cy:run": "Cypress run",
      "test:e2e": "start-server-and-test start http://localhost:3000 cypress:run"
    },
    "repository": {
      "type": "git",
      "url": "git+https://github.com/Vini-Franca/cypres-projeto-webshop.git"
    },
    "author": "Vinicius Franca",
    "license": "ISC",
    "bugs": {
      "url": "https://github.com/Vini-Franca/cypres-projeto-webshop/issues"
    },
    "homepage": "https://github.com/Vini-Franca/cypres-projeto-webshop#readme"
  }
  